
Microsoft Visual Studio Solution File, Format Version 12.00
# Visual Studio Version 17
VisualStudioVersion = 17.9.34701.34
MinimumVisualStudioVersion = 10.0.40219.1
Project("{888888A0-9F3D-457C-B088-3A5042F75D52}") = "AIModule", "AIModule.pyproj", "{5FDC6D4D-5BC6-44F4-98E2-097756A1F635}"
EndProject
Global
	GlobalSection(SolutionConfigurationPlatforms) = preSolution
		Debug|Any CPU = Debug|Any CPU
		Release|Any CPU = Release|Any CPU
	EndGlobalSection
	GlobalSection(ProjectConfigurationPlatforms) = postSolution
		{5FDC6D4D-5BC6-44F4-98E2-097756A1F635}.Debug|Any CPU.ActiveCfg = Debug|Any CPU
		{5FDC6D4D-5BC6-44F4-98E2-097756A1F635}.Release|Any CPU.ActiveCfg = Release|Any CPU
	EndGlobalSection
	GlobalSection(SolutionProperties) = preSolution
		HideSolutionNode = FALSE
	EndGlobalSection
	GlobalSection(ExtensibilityGlobals) = postSolution
		SolutionGuid = {7B52A8E9-D536-40CD-BFEC-6053BA632A6E}
	EndGlobalSection
EndGlobal
